# This file is generated by running "yarn install" inside your project.
# Manual changes might be lost - proceed with caution!

__metadata:
  version: 4

"a@^1.0.0, a@workspace:packages/a":
  version: 0.0.0-use.local
  resolution: "a@workspace:packages/a"
  dependencies:
    b: "workspace:packages/b"
  languageName: unknown
  linkType: soft

"b@workspace:packages/b":
  version: 0.0.0-use.local
  resolution: "b@workspace:packages/b"
  dependencies:
    a: ^1.0.0
  languageName: unknown
  linkType: soft

"yarn-workspaces-example@workspace:.":
  version: 0.0.0-use.local
  resolution: "yarn-workspaces-example@workspace:."
  languageName: unknown
  linkType: soft
